// !$*UTF8*$!
{
	archiveVersion = 1;
	classes = {
	};
	objectVersion = 56;
	objects = {

/* Begin PBXBuildFile section */
		A00000000000000000000001 /* PhotoWindowApp.swift in Sources */ = {isa = PBXBuildFile; fileRef = B00000000000000000000001 /* PhotoWindowApp.swift */; };
		A00000000000000000000002 /* UserProfile.swift in Sources */ = {isa = PBXBuildFile; fileRef = B00000000000000000000002 /* UserProfile.swift */; };
		A00000000000000000000003 /* PhotographyCategory.swift in Sources */ = {isa = PBXBuildFile; fileRef = B00000000000000000000003 /* PhotographyCategory.swift */; };
		A00000000000000000000004 /* ShootingLocation.swift in Sources */ = {isa = PBXBuildFile; fileRef = B00000000000000000000004 /* ShootingLocation.swift */; };
		A00000000000000000000005 /* ShootingEvent.swift in Sources */ = {isa = PBXBuildFile; fileRef = B00000000000000000000005 /* ShootingEvent.swift */; };
		A00000000000000000000006 /* ShootingWindow.swift in Sources */ = {isa = PBXBuildFile; fileRef = B00000000000000000000006 /* ShootingWindow.swift */; };
		A00000000000000000000007 /* WeatherSnapshot.swift in Sources */ = {isa = PBXBuildFile; fileRef = B00000000000000000000007 /* WeatherSnapshot.swift */; };
		A00000000000000000000008 /* AlertRule.swift in Sources */ = {isa = PBXBuildFile; fileRef = B00000000000000000000008 /* AlertRule.swift */; };
		A00000000000000000000009 /* NotificationItem.swift in Sources */ = {isa = PBXBuildFile; fileRef = B00000000000000000000009 /* NotificationItem.swift */; };
		A00000000000000000000033 /* AstronomySnapshot.swift in Sources */ = {isa = PBXBuildFile; fileRef = B00000000000000000000033 /* AstronomySnapshot.swift */; };
		A00000000000000000000035 /* UserPreference.swift in Sources */ = {isa = PBXBuildFile; fileRef = B00000000000000000000035 /* UserPreference.swift */; };
		A00000000000000000000041 /* Feedback.swift in Sources */ = {isa = PBXBuildFile; fileRef = B00000000000000000000041 /* Feedback.swift */; };
		A00000000000000000000042 /* AnalyticsEvent.swift in Sources */ = {isa = PBXBuildFile; fileRef = B00000000000000000000042 /* AnalyticsEvent.swift */; };
		A00000000000000000000051 /* SpecialEvent.swift in Sources */ = {isa = PBXBuildFile; fileRef = B00000000000000000000052 /* SpecialEvent.swift */; };
		A00000000000000000000064 /* RecommendationResult.swift in Sources */ = {isa = PBXBuildFile; fileRef = B00000000000000000000067 /* RecommendationResult.swift */; };
		A00000000000000000000010 /* Repositories.swift in Sources */ = {isa = PBXBuildFile; fileRef = B00000000000000000000010 /* Repositories.swift */; };
		A00000000000000000000011 /* MockRepositories.swift in Sources */ = {isa = PBXBuildFile; fileRef = B00000000000000000000011 /* MockRepositories.swift */; };
		A00000000000000000000052 /* SpecialEventRepositories.swift in Sources */ = {isa = PBXBuildFile; fileRef = B00000000000000000000053 /* SpecialEventRepositories.swift */; };
		A00000000000000000000012 /* ShootingWindowScoringService.swift in Sources */ = {isa = PBXBuildFile; fileRef = B00000000000000000000012 /* ShootingWindowScoringService.swift */; };
		A00000000000000000000013 /* MockDataService.swift in Sources */ = {isa = PBXBuildFile; fileRef = B00000000000000000000013 /* MockDataService.swift */; };
		A00000000000000000000014 /* NotificationService.swift in Sources */ = {isa = PBXBuildFile; fileRef = B00000000000000000000014 /* NotificationService.swift */; };
		A00000000000000000000034 /* ShootingWindowGenerationService.swift in Sources */ = {isa = PBXBuildFile; fileRef = B00000000000000000000034 /* ShootingWindowGenerationService.swift */; };
		A00000000000000000000036 /* AlertMatchingService.swift in Sources */ = {isa = PBXBuildFile; fileRef = B00000000000000000000036 /* AlertMatchingService.swift */; };
		A00000000000000000000053 /* SpecialEventDeduplicationService.swift in Sources */ = {isa = PBXBuildFile; fileRef = B00000000000000000000054 /* SpecialEventDeduplicationService.swift */; };
		A00000000000000000000054 /* SpecialEventIngestionService.swift in Sources */ = {isa = PBXBuildFile; fileRef = B00000000000000000000055 /* SpecialEventIngestionService.swift */; };
		A00000000000000000000060 /* SpecialEventDataService.swift in Sources */ = {isa = PBXBuildFile; fileRef = B00000000000000000000061 /* SpecialEventDataService.swift */; };
		A00000000000000000000061 /* NetworkClient.swift in Sources */ = {isa = PBXBuildFile; fileRef = B00000000000000000000064 /* NetworkClient.swift */; };
		A00000000000000000000065 /* ScoringRuleConfigService.swift in Sources */ = {isa = PBXBuildFile; fileRef = B00000000000000000000068 /* ScoringRuleConfigService.swift */; };
		A00000000000000000000066 /* NotificationQualityService.swift in Sources */ = {isa = PBXBuildFile; fileRef = B00000000000000000000069 /* NotificationQualityService.swift */; };
		A00000000000000000000043 /* AnalyticsService.swift in Sources */ = {isa = PBXBuildFile; fileRef = B00000000000000000000043 /* AnalyticsService.swift */; };
		A00000000000000000000046 /* LocationSearchService.swift in Sources */ = {isa = PBXBuildFile; fileRef = B00000000000000000000046 /* LocationSearchService.swift */; };
		A00000000000000000000015 /* AppDependencyContainer.swift in Sources */ = {isa = PBXBuildFile; fileRef = B00000000000000000000015 /* AppDependencyContainer.swift */; };
		A00000000000000000000016 /* HomeViewModel.swift in Sources */ = {isa = PBXBuildFile; fileRef = B00000000000000000000016 /* HomeViewModel.swift */; };
		A00000000000000000000017 /* CategoryViewModel.swift in Sources */ = {isa = PBXBuildFile; fileRef = B00000000000000000000017 /* CategoryViewModel.swift */; };
		A00000000000000000000018 /* ShootingWindowDetailViewModel.swift in Sources */ = {isa = PBXBuildFile; fileRef = B00000000000000000000018 /* ShootingWindowDetailViewModel.swift */; };
		A00000000000000000000019 /* AlertSettingsViewModel.swift in Sources */ = {isa = PBXBuildFile; fileRef = B00000000000000000000019 /* AlertSettingsViewModel.swift */; };
		A00000000000000000000020 /* LocationViewModel.swift in Sources */ = {isa = PBXBuildFile; fileRef = B00000000000000000000020 /* LocationViewModel.swift */; };
		A00000000000000000000037 /* OnboardingPreferenceViewModel.swift in Sources */ = {isa = PBXBuildFile; fileRef = B00000000000000000000037 /* OnboardingPreferenceViewModel.swift */; };
		A00000000000000000000038 /* UpcomingNotificationsViewModel.swift in Sources */ = {isa = PBXBuildFile; fileRef = B00000000000000000000038 /* UpcomingNotificationsViewModel.swift */; };
		A00000000000000000000044 /* DebugNotificationViewModel.swift in Sources */ = {isa = PBXBuildFile; fileRef = B00000000000000000000044 /* DebugNotificationViewModel.swift */; };
		A00000000000000000000047 /* AddLocationViewModel.swift in Sources */ = {isa = PBXBuildFile; fileRef = B00000000000000000000047 /* AddLocationViewModel.swift */; };
		A00000000000000000000048 /* LocationDetailViewModel.swift in Sources */ = {isa = PBXBuildFile; fileRef = B00000000000000000000048 /* LocationDetailViewModel.swift */; };
		A00000000000000000000055 /* SpecialEventsViewModel.swift in Sources */ = {isa = PBXBuildFile; fileRef = B00000000000000000000056 /* SpecialEventsViewModel.swift */; };
		A00000000000000000000056 /* SpecialEventDetailViewModel.swift in Sources */ = {isa = PBXBuildFile; fileRef = B00000000000000000000057 /* SpecialEventDetailViewModel.swift */; };
		A00000000000000000000062 /* DataDebugViewModel.swift in Sources */ = {isa = PBXBuildFile; fileRef = B00000000000000000000065 /* DataDebugViewModel.swift */; };
		A00000000000000000000021 /* PhotoTheme.swift in Sources */ = {isa = PBXBuildFile; fileRef = B00000000000000000000021 /* PhotoTheme.swift */; };
		A00000000000000000000022 /* ScoreBadge.swift in Sources */ = {isa = PBXBuildFile; fileRef = B00000000000000000000022 /* ScoreBadge.swift */; };
		A00000000000000000000023 /* CategoryPill.swift in Sources */ = {isa = PBXBuildFile; fileRef = B00000000000000000000023 /* CategoryPill.swift */; };
		A00000000000000000000024 /* ShootingWindowCard.swift in Sources */ = {isa = PBXBuildFile; fileRef = B00000000000000000000024 /* ShootingWindowCard.swift */; };
		A00000000000000000000025 /* WeatherMetricView.swift in Sources */ = {isa = PBXBuildFile; fileRef = B00000000000000000000025 /* WeatherMetricView.swift */; };
		A00000000000000000000026 /* RootTabView.swift in Sources */ = {isa = PBXBuildFile; fileRef = B00000000000000000000026 /* RootTabView.swift */; };
		A00000000000000000000027 /* HomeView.swift in Sources */ = {isa = PBXBuildFile; fileRef = B00000000000000000000027 /* HomeView.swift */; };
		A00000000000000000000028 /* CategoryView.swift in Sources */ = {isa = PBXBuildFile; fileRef = B00000000000000000000028 /* CategoryView.swift */; };
		A00000000000000000000029 /* ShootingWindowDetailView.swift in Sources */ = {isa = PBXBuildFile; fileRef = B00000000000000000000029 /* ShootingWindowDetailView.swift */; };
		A00000000000000000000030 /* AlertSettingsView.swift in Sources */ = {isa = PBXBuildFile; fileRef = B00000000000000000000030 /* AlertSettingsView.swift */; };
		A00000000000000000000031 /* ExploreLocationsView.swift in Sources */ = {isa = PBXBuildFile; fileRef = B00000000000000000000031 /* ExploreLocationsView.swift */; };
		A00000000000000000000039 /* OnboardingPreferenceView.swift in Sources */ = {isa = PBXBuildFile; fileRef = B00000000000000000000039 /* OnboardingPreferenceView.swift */; };
		A00000000000000000000040 /* UpcomingNotificationsView.swift in Sources */ = {isa = PBXBuildFile; fileRef = B00000000000000000000040 /* UpcomingNotificationsView.swift */; };
		A00000000000000000000045 /* DebugNotificationView.swift in Sources */ = {isa = PBXBuildFile; fileRef = B00000000000000000000045 /* DebugNotificationView.swift */; };
		A00000000000000000000049 /* AddLocationView.swift in Sources */ = {isa = PBXBuildFile; fileRef = B00000000000000000000049 /* AddLocationView.swift */; };
		A00000000000000000000050 /* LocationDetailView.swift in Sources */ = {isa = PBXBuildFile; fileRef = B00000000000000000000051 /* LocationDetailView.swift */; };
		A00000000000000000000057 /* SpecialEventsView.swift in Sources */ = {isa = PBXBuildFile; fileRef = B00000000000000000000058 /* SpecialEventsView.swift */; };
		A00000000000000000000058 /* SpecialEventDetailView.swift in Sources */ = {isa = PBXBuildFile; fileRef = B00000000000000000000059 /* SpecialEventDetailView.swift */; };
		A00000000000000000000063 /* DataDebugView.swift in Sources */ = {isa = PBXBuildFile; fileRef = B00000000000000000000066 /* DataDebugView.swift */; };
		A00000000000000000000032 /* Assets.xcassets in Resources */ = {isa = PBXBuildFile; fileRef = B00000000000000000000032 /* Assets.xcassets */; };
		A00000000000000000000059 /* special_events_seed.json in Resources */ = {isa = PBXBuildFile; fileRef = B00000000000000000000060 /* special_events_seed.json */; };
		A00000000000000000000067 /* scoring_rules.json in Resources */ = {isa = PBXBuildFile; fileRef = B00000000000000000000070 /* scoring_rules.json */; };
		A00000000000000000000101 /* ShootingWindowScoringServiceTests.swift in Sources */ = {isa = PBXBuildFile; fileRef = B00000000000000000000101 /* ShootingWindowScoringServiceTests.swift */; };
		A00000000000000000000102 /* MockRepositoryTests.swift in Sources */ = {isa = PBXBuildFile; fileRef = B00000000000000000000102 /* MockRepositoryTests.swift */; };
/* End PBXBuildFile section */

/* Begin PBXContainerItemProxy section */
		X00000000000000000000001 /* PBXContainerItemProxy */ = {
			isa = PBXContainerItemProxy;
			containerPortal = P00000000000000000000001 /* Project object */;
			proxyType = 1;
			remoteGlobalIDString = T00000000000000000000001;
			remoteInfo = PhotoWindow;
		};
/* End PBXContainerItemProxy section */

/* Begin PBXFileReference section */
		B00000000000000000000001 /* PhotoWindowApp.swift */ = {isa = PBXFileReference; lastKnownFileType = sourcecode.swift; path = PhotoWindowApp.swift; sourceTree = "<group>"; };
		B00000000000000000000002 /* UserProfile.swift */ = {isa = PBXFileReference; lastKnownFileType = sourcecode.swift; path = UserProfile.swift; sourceTree = "<group>"; };
		B00000000000000000000003 /* PhotographyCategory.swift */ = {isa = PBXFileReference; lastKnownFileType = sourcecode.swift; path = PhotographyCategory.swift; sourceTree = "<group>"; };
		B00000000000000000000004 /* ShootingLocation.swift */ = {isa = PBXFileReference; lastKnownFileType = sourcecode.swift; path = ShootingLocation.swift; sourceTree = "<group>"; };
		B00000000000000000000005 /* ShootingEvent.swift */ = {isa = PBXFileReference; lastKnownFileType = sourcecode.swift; path = ShootingEvent.swift; sourceTree = "<group>"; };
		B00000000000000000000006 /* ShootingWindow.swift */ = {isa = PBXFileReference; lastKnownFileType = sourcecode.swift; path = ShootingWindow.swift; sourceTree = "<group>"; };
		B00000000000000000000007 /* WeatherSnapshot.swift */ = {isa = PBXFileReference; lastKnownFileType = sourcecode.swift; path = WeatherSnapshot.swift; sourceTree = "<group>"; };
		B00000000000000000000008 /* AlertRule.swift */ = {isa = PBXFileReference; lastKnownFileType = sourcecode.swift; path = AlertRule.swift; sourceTree = "<group>"; };
		B00000000000000000000009 /* NotificationItem.swift */ = {isa = PBXFileReference; lastKnownFileType = sourcecode.swift; path = NotificationItem.swift; sourceTree = "<group>"; };
		B00000000000000000000033 /* AstronomySnapshot.swift */ = {isa = PBXFileReference; lastKnownFileType = sourcecode.swift; path = AstronomySnapshot.swift; sourceTree = "<group>"; };
		B00000000000000000000035 /* UserPreference.swift */ = {isa = PBXFileReference; lastKnownFileType = sourcecode.swift; path = UserPreference.swift; sourceTree = "<group>"; };
		B00000000000000000000041 /* Feedback.swift */ = {isa = PBXFileReference; lastKnownFileType = sourcecode.swift; path = Feedback.swift; sourceTree = "<group>"; };
		B00000000000000000000042 /* AnalyticsEvent.swift */ = {isa = PBXFileReference; lastKnownFileType = sourcecode.swift; path = AnalyticsEvent.swift; sourceTree = "<group>"; };
		B00000000000000000000052 /* SpecialEvent.swift */ = {isa = PBXFileReference; lastKnownFileType = sourcecode.swift; path = SpecialEvent.swift; sourceTree = "<group>"; };
		B00000000000000000000067 /* RecommendationResult.swift */ = {isa = PBXFileReference; lastKnownFileType = sourcecode.swift; path = RecommendationResult.swift; sourceTree = "<group>"; };
		B00000000000000000000010 /* Repositories.swift */ = {isa = PBXFileReference; lastKnownFileType = sourcecode.swift; path = Repositories.swift; sourceTree = "<group>"; };
		B00000000000000000000011 /* MockRepositories.swift */ = {isa = PBXFileReference; lastKnownFileType = sourcecode.swift; path = MockRepositories.swift; sourceTree = "<group>"; };
		B00000000000000000000053 /* SpecialEventRepositories.swift */ = {isa = PBXFileReference; lastKnownFileType = sourcecode.swift; path = SpecialEventRepositories.swift; sourceTree = "<group>"; };
		B00000000000000000000012 /* ShootingWindowScoringService.swift */ = {isa = PBXFileReference; lastKnownFileType = sourcecode.swift; path = ShootingWindowScoringService.swift; sourceTree = "<group>"; };
		B00000000000000000000013 /* MockDataService.swift */ = {isa = PBXFileReference; lastKnownFileType = sourcecode.swift; path = MockDataService.swift; sourceTree = "<group>"; };
		B00000000000000000000014 /* NotificationService.swift */ = {isa = PBXFileReference; lastKnownFileType = sourcecode.swift; path = NotificationService.swift; sourceTree = "<group>"; };
		B00000000000000000000034 /* ShootingWindowGenerationService.swift */ = {isa = PBXFileReference; lastKnownFileType = sourcecode.swift; path = ShootingWindowGenerationService.swift; sourceTree = "<group>"; };
		B00000000000000000000036 /* AlertMatchingService.swift */ = {isa = PBXFileReference; lastKnownFileType = sourcecode.swift; path = AlertMatchingService.swift; sourceTree = "<group>"; };
		B00000000000000000000054 /* SpecialEventDeduplicationService.swift */ = {isa = PBXFileReference; lastKnownFileType = sourcecode.swift; path = SpecialEventDeduplicationService.swift; sourceTree = "<group>"; };
		B00000000000000000000055 /* SpecialEventIngestionService.swift */ = {isa = PBXFileReference; lastKnownFileType = sourcecode.swift; path = SpecialEventIngestionService.swift; sourceTree = "<group>"; };
		B00000000000000000000061 /* SpecialEventDataService.swift */ = {isa = PBXFileReference; lastKnownFileType = sourcecode.swift; path = SpecialEventDataService.swift; sourceTree = "<group>"; };
		B00000000000000000000064 /* NetworkClient.swift */ = {isa = PBXFileReference; lastKnownFileType = sourcecode.swift; path = NetworkClient.swift; sourceTree = "<group>"; };
		B00000000000000000000068 /* ScoringRuleConfigService.swift */ = {isa = PBXFileReference; lastKnownFileType = sourcecode.swift; path = ScoringRuleConfigService.swift; sourceTree = "<group>"; };
		B00000000000000000000069 /* NotificationQualityService.swift */ = {isa = PBXFileReference; lastKnownFileType = sourcecode.swift; path = NotificationQualityService.swift; sourceTree = "<group>"; };
		B00000000000000000000043 /* AnalyticsService.swift */ = {isa = PBXFileReference; lastKnownFileType = sourcecode.swift; path = AnalyticsService.swift; sourceTree = "<group>"; };
		B00000000000000000000046 /* LocationSearchService.swift */ = {isa = PBXFileReference; lastKnownFileType = sourcecode.swift; path = LocationSearchService.swift; sourceTree = "<group>"; };
		B00000000000000000000015 /* AppDependencyContainer.swift */ = {isa = PBXFileReference; lastKnownFileType = sourcecode.swift; path = AppDependencyContainer.swift; sourceTree = "<group>"; };
		B00000000000000000000016 /* HomeViewModel.swift */ = {isa = PBXFileReference; lastKnownFileType = sourcecode.swift; path = HomeViewModel.swift; sourceTree = "<group>"; };
		B00000000000000000000017 /* CategoryViewModel.swift */ = {isa = PBXFileReference; lastKnownFileType = sourcecode.swift; path = CategoryViewModel.swift; sourceTree = "<group>"; };
		B00000000000000000000018 /* ShootingWindowDetailViewModel.swift */ = {isa = PBXFileReference; lastKnownFileType = sourcecode.swift; path = ShootingWindowDetailViewModel.swift; sourceTree = "<group>"; };
		B00000000000000000000019 /* AlertSettingsViewModel.swift */ = {isa = PBXFileReference; lastKnownFileType = sourcecode.swift; path = AlertSettingsViewModel.swift; sourceTree = "<group>"; };
		B00000000000000000000020 /* LocationViewModel.swift */ = {isa = PBXFileReference; lastKnownFileType = sourcecode.swift; path = LocationViewModel.swift; sourceTree = "<group>"; };
		B00000000000000000000037 /* OnboardingPreferenceViewModel.swift */ = {isa = PBXFileReference; lastKnownFileType = sourcecode.swift; path = OnboardingPreferenceViewModel.swift; sourceTree = "<group>"; };
		B00000000000000000000038 /* UpcomingNotificationsViewModel.swift */ = {isa = PBXFileReference; lastKnownFileType = sourcecode.swift; path = UpcomingNotificationsViewModel.swift; sourceTree = "<group>"; };
		B00000000000000000000044 /* DebugNotificationViewModel.swift */ = {isa = PBXFileReference; lastKnownFileType = sourcecode.swift; path = DebugNotificationViewModel.swift; sourceTree = "<group>"; };
		B00000000000000000000047 /* AddLocationViewModel.swift */ = {isa = PBXFileReference; lastKnownFileType = sourcecode.swift; path = AddLocationViewModel.swift; sourceTree = "<group>"; };
		B00000000000000000000048 /* LocationDetailViewModel.swift */ = {isa = PBXFileReference; lastKnownFileType = sourcecode.swift; path = LocationDetailViewModel.swift; sourceTree = "<group>"; };
		B00000000000000000000056 /* SpecialEventsViewModel.swift */ = {isa = PBXFileReference; lastKnownFileType = sourcecode.swift; path = SpecialEventsViewModel.swift; sourceTree = "<group>"; };
		B00000000000000000000057 /* SpecialEventDetailViewModel.swift */ = {isa = PBXFileReference; lastKnownFileType = sourcecode.swift; path = SpecialEventDetailViewModel.swift; sourceTree = "<group>"; };
		B00000000000000000000065 /* DataDebugViewModel.swift */ = {isa = PBXFileReference; lastKnownFileType = sourcecode.swift; path = DataDebugViewModel.swift; sourceTree = "<group>"; };
		B00000000000000000000021 /* PhotoTheme.swift */ = {isa = PBXFileReference; lastKnownFileType = sourcecode.swift; path = PhotoTheme.swift; sourceTree = "<group>"; };
		B00000000000000000000022 /* ScoreBadge.swift */ = {isa = PBXFileReference; lastKnownFileType = sourcecode.swift; path = ScoreBadge.swift; sourceTree = "<group>"; };
		B00000000000000000000023 /* CategoryPill.swift */ = {isa = PBXFileReference; lastKnownFileType = sourcecode.swift; path = CategoryPill.swift; sourceTree = "<group>"; };
		B00000000000000000000024 /* ShootingWindowCard.swift */ = {isa = PBXFileReference; lastKnownFileType = sourcecode.swift; path = ShootingWindowCard.swift; sourceTree = "<group>"; };
		B00000000000000000000025 /* WeatherMetricView.swift */ = {isa = PBXFileReference; lastKnownFileType = sourcecode.swift; path = WeatherMetricView.swift; sourceTree = "<group>"; };
		B00000000000000000000026 /* RootTabView.swift */ = {isa = PBXFileReference; lastKnownFileType = sourcecode.swift; path = RootTabView.swift; sourceTree = "<group>"; };
		B00000000000000000000027 /* HomeView.swift */ = {isa = PBXFileReference; lastKnownFileType = sourcecode.swift; path = HomeView.swift; sourceTree = "<group>"; };
		B00000000000000000000028 /* CategoryView.swift */ = {isa = PBXFileReference; lastKnownFileType = sourcecode.swift; path = CategoryView.swift; sourceTree = "<group>"; };
		B00000000000000000000029 /* ShootingWindowDetailView.swift */ = {isa = PBXFileReference; lastKnownFileType = sourcecode.swift; path = ShootingWindowDetailView.swift; sourceTree = "<group>"; };
		B00000000000000000000030 /* AlertSettingsView.swift */ = {isa = PBXFileReference; lastKnownFileType = sourcecode.swift; path = AlertSettingsView.swift; sourceTree = "<group>"; };
		B00000000000000000000031 /* ExploreLocationsView.swift */ = {isa = PBXFileReference; lastKnownFileType = sourcecode.swift; path = ExploreLocationsView.swift; sourceTree = "<group>"; };
		B00000000000000000000039 /* OnboardingPreferenceView.swift */ = {isa = PBXFileReference; lastKnownFileType = sourcecode.swift; path = OnboardingPreferenceView.swift; sourceTree = "<group>"; };
		B00000000000000000000040 /* UpcomingNotificationsView.swift */ = {isa = PBXFileReference; lastKnownFileType = sourcecode.swift; path = UpcomingNotificationsView.swift; sourceTree = "<group>"; };
		B00000000000000000000045 /* DebugNotificationView.swift */ = {isa = PBXFileReference; lastKnownFileType = sourcecode.swift; path = DebugNotificationView.swift; sourceTree = "<group>"; };
		B00000000000000000000049 /* AddLocationView.swift */ = {isa = PBXFileReference; lastKnownFileType = sourcecode.swift; path = AddLocationView.swift; sourceTree = "<group>"; };
		B00000000000000000000051 /* LocationDetailView.swift */ = {isa = PBXFileReference; lastKnownFileType = sourcecode.swift; path = LocationDetailView.swift; sourceTree = "<group>"; };
		B00000000000000000000058 /* SpecialEventsView.swift */ = {isa = PBXFileReference; lastKnownFileType = sourcecode.swift; path = SpecialEventsView.swift; sourceTree = "<group>"; };
		B00000000000000000000059 /* SpecialEventDetailView.swift */ = {isa = PBXFileReference; lastKnownFileType = sourcecode.swift; path = SpecialEventDetailView.swift; sourceTree = "<group>"; };
		B00000000000000000000066 /* DataDebugView.swift */ = {isa = PBXFileReference; lastKnownFileType = sourcecode.swift; path = DataDebugView.swift; sourceTree = "<group>"; };
		B00000000000000000000032 /* Assets.xcassets */ = {isa = PBXFileReference; lastKnownFileType = folder.assetcatalog; path = Assets.xcassets; sourceTree = "<group>"; };
		B00000000000000000000062 /* Info-Debug.plist */ = {isa = PBXFileReference; lastKnownFileType = text.plist.xml; path = "Info-Debug.plist"; sourceTree = "<group>"; };
		B00000000000000000000063 /* Info-Release.plist */ = {isa = PBXFileReference; lastKnownFileType = text.plist.xml; path = "Info-Release.plist"; sourceTree = "<group>"; };
		B00000000000000000000060 /* special_events_seed.json */ = {isa = PBXFileReference; lastKnownFileType = text.json; path = special_events_seed.json; sourceTree = "<group>"; };
		B00000000000000000000070 /* scoring_rules.json */ = {isa = PBXFileReference; lastKnownFileType = text.json; path = scoring_rules.json; sourceTree = "<group>"; };
		B00000000000000000000050 /* README.md */ = {isa = PBXFileReference; lastKnownFileType = net.daringfireball.markdown; path = README.md; sourceTree = "<group>"; };
		B00000000000000000000101 /* ShootingWindowScoringServiceTests.swift */ = {isa = PBXFileReference; lastKnownFileType = sourcecode.swift; path = ShootingWindowScoringServiceTests.swift; sourceTree = "<group>"; };
		B00000000000000000000102 /* MockRepositoryTests.swift */ = {isa = PBXFileReference; lastKnownFileType = sourcecode.swift; path = MockRepositoryTests.swift; sourceTree = "<group>"; };
		PD0000000000000000000001 /* PhotoWindow.app */ = {isa = PBXFileReference; explicitFileType = wrapper.application; includeInIndex = 0; path = PhotoWindow.app; sourceTree = BUILT_PRODUCTS_DIR; };
		PD0000000000000000000002 /* PhotoWindowTests.xctest */ = {isa = PBXFileReference; explicitFileType = wrapper.cfbundle; includeInIndex = 0; path = PhotoWindowTests.xctest; sourceTree = BUILT_PRODUCTS_DIR; };
/* End PBXFileReference section */

/* Begin PBXFrameworksBuildPhase section */
		F00000000000000000000001 /* Frameworks */ = {
			isa = PBXFrameworksBuildPhase;
			buildActionMask = 2147483647;
			files = (
			);
			runOnlyForDeploymentPostprocessing = 0;
		};
		F00000000000000000000002 /* Frameworks */ = {
			isa = PBXFrameworksBuildPhase;
			buildActionMask = 2147483647;
			files = (
			);
			runOnlyForDeploymentPostprocessing = 0;
		};
/* End PBXFrameworksBuildPhase section */

/* Begin PBXGroup section */
		G00000000000000000000001 = {
			isa = PBXGroup;
			children = (
				G00000000000000000000003 /* PhotoWindow */,
				G00000000000000000000010 /* PhotoWindowTests */,
				B00000000000000000000050 /* README.md */,
				G00000000000000000000002 /* Products */,
			);
			sourceTree = "<group>";
		};
		G00000000000000000000002 /* Products */ = {
			isa = PBXGroup;
			children = (
				PD0000000000000000000001 /* PhotoWindow.app */,
				PD0000000000000000000002 /* PhotoWindowTests.xctest */,
			);
			name = Products;
			sourceTree = "<group>";
		};
		G00000000000000000000003 /* PhotoWindow */ = {
			isa = PBXGroup;
			children = (
				B00000000000000000000001 /* PhotoWindowApp.swift */,
				G00000000000000000000004 /* Models */,
				G00000000000000000000005 /* Repositories */,
				G00000000000000000000006 /* Services */,
				G00000000000000000000007 /* ViewModels */,
				G00000000000000000000008 /* Views */,
				G00000000000000000000011 /* Resources */,
				B00000000000000000000032 /* Assets.xcassets */,
				B00000000000000000000062 /* Info-Debug.plist */,
				B00000000000000000000063 /* Info-Release.plist */,
			);
			path = PhotoWindow;
			sourceTree = "<group>";
		};
		G00000000000000000000004 /* Models */ = {
			isa = PBXGroup;
			children = (
				B00000000000000000000002 /* UserProfile.swift */,
				B00000000000000000000003 /* PhotographyCategory.swift */,
				B00000000000000000000004 /* ShootingLocation.swift */,
				B00000000000000000000005 /* ShootingEvent.swift */,
				B00000000000000000000006 /* ShootingWindow.swift */,
				B00000000000000000000007 /* WeatherSnapshot.swift */,
				B00000000000000000000033 /* AstronomySnapshot.swift */,
				B00000000000000000000035 /* UserPreference.swift */,
				B00000000000000000000041 /* Feedback.swift */,
				B00000000000000000000042 /* AnalyticsEvent.swift */,
				B00000000000000000000052 /* SpecialEvent.swift */,
				B00000000000000000000067 /* RecommendationResult.swift */,
				B00000000000000000000008 /* AlertRule.swift */,
				B00000000000000000000009 /* NotificationItem.swift */,
			);
			path = Models;
			sourceTree = "<group>";
		};
		G00000000000000000000005 /* Repositories */ = {
			isa = PBXGroup;
			children = (
				B00000000000000000000010 /* Repositories.swift */,
				B00000000000000000000011 /* MockRepositories.swift */,
				B00000000000000000000053 /* SpecialEventRepositories.swift */,
			);
			path = Repositories;
			sourceTree = "<group>";
		};
		G00000000000000000000006 /* Services */ = {
			isa = PBXGroup;
			children = (
				B00000000000000000000012 /* ShootingWindowScoringService.swift */,
				B00000000000000000000034 /* ShootingWindowGenerationService.swift */,
				B00000000000000000000036 /* AlertMatchingService.swift */,
				B00000000000000000000054 /* SpecialEventDeduplicationService.swift */,
				B00000000000000000000055 /* SpecialEventIngestionService.swift */,
				B00000000000000000000061 /* SpecialEventDataService.swift */,
				B00000000000000000000064 /* NetworkClient.swift */,
				B00000000000000000000068 /* ScoringRuleConfigService.swift */,
				B00000000000000000000069 /* NotificationQualityService.swift */,
				B00000000000000000000043 /* AnalyticsService.swift */,
				B00000000000000000000046 /* LocationSearchService.swift */,
				B00000000000000000000013 /* MockDataService.swift */,
				B00000000000000000000014 /* NotificationService.swift */,
			);
			path = Services;
			sourceTree = "<group>";
		};
		G00000000000000000000007 /* ViewModels */ = {
			isa = PBXGroup;
			children = (
				B00000000000000000000015 /* AppDependencyContainer.swift */,
				B00000000000000000000016 /* HomeViewModel.swift */,
				B00000000000000000000017 /* CategoryViewModel.swift */,
				B00000000000000000000018 /* ShootingWindowDetailViewModel.swift */,
				B00000000000000000000019 /* AlertSettingsViewModel.swift */,
				B00000000000000000000020 /* LocationViewModel.swift */,
				B00000000000000000000037 /* OnboardingPreferenceViewModel.swift */,
				B00000000000000000000038 /* UpcomingNotificationsViewModel.swift */,
				B00000000000000000000044 /* DebugNotificationViewModel.swift */,
				B00000000000000000000047 /* AddLocationViewModel.swift */,
				B00000000000000000000048 /* LocationDetailViewModel.swift */,
				B00000000000000000000056 /* SpecialEventsViewModel.swift */,
				B00000000000000000000057 /* SpecialEventDetailViewModel.swift */,
				B00000000000000000000065 /* DataDebugViewModel.swift */,
			);
			path = ViewModels;
			sourceTree = "<group>";
		};
		G00000000000000000000008 /* Views */ = {
			isa = PBXGroup;
			children = (
				G00000000000000000000009 /* Components */,
				B00000000000000000000026 /* RootTabView.swift */,
				B00000000000000000000027 /* HomeView.swift */,
				B00000000000000000000028 /* CategoryView.swift */,
				B00000000000000000000029 /* ShootingWindowDetailView.swift */,
				B00000000000000000000030 /* AlertSettingsView.swift */,
				B00000000000000000000031 /* ExploreLocationsView.swift */,
				B00000000000000000000039 /* OnboardingPreferenceView.swift */,
				B00000000000000000000040 /* UpcomingNotificationsView.swift */,
				B00000000000000000000045 /* DebugNotificationView.swift */,
				B00000000000000000000049 /* AddLocationView.swift */,
				B00000000000000000000051 /* LocationDetailView.swift */,
				B00000000000000000000058 /* SpecialEventsView.swift */,
				B00000000000000000000059 /* SpecialEventDetailView.swift */,
				B00000000000000000000066 /* DataDebugView.swift */,
			);
			path = Views;
			sourceTree = "<group>";
		};
		G00000000000000000000009 /* Components */ = {
			isa = PBXGroup;
			children = (
				B00000000000000000000021 /* PhotoTheme.swift */,
				B00000000000000000000022 /* ScoreBadge.swift */,
				B00000000000000000000023 /* CategoryPill.swift */,
				B00000000000000000000024 /* ShootingWindowCard.swift */,
				B00000000000000000000025 /* WeatherMetricView.swift */,
			);
			path = Components;
			sourceTree = "<group>";
		};
		G00000000000000000000010 /* PhotoWindowTests */ = {
			isa = PBXGroup;
			children = (
				B00000000000000000000101 /* ShootingWindowScoringServiceTests.swift */,
				B00000000000000000000102 /* MockRepositoryTests.swift */,
			);
			path = PhotoWindowTests;
			sourceTree = "<group>";
		};
		G00000000000000000000011 /* Resources */ = {
			isa = PBXGroup;
			children = (
				B00000000000000000000060 /* special_events_seed.json */,
				B00000000000000000000070 /* scoring_rules.json */,
			);
			path = Resources;
			sourceTree = "<group>";
		};
/* End PBXGroup section */

/* Begin PBXNativeTarget section */
		T00000000000000000000001 /* PhotoWindow */ = {
			isa = PBXNativeTarget;
			buildConfigurationList = L00000000000000000000002 /* Build configuration list for PBXNativeTarget "PhotoWindow" */;
			buildPhases = (
				S00000000000000000000001 /* Sources */,
				F00000000000000000000001 /* Frameworks */,
				R00000000000000000000001 /* Resources */,
			);
			buildRules = (
			);
			dependencies = (
			);
			name = PhotoWindow;
			productName = PhotoWindow;
			productReference = PD0000000000000000000001 /* PhotoWindow.app */;
			productType = "com.apple.product-type.application";
		};
		T00000000000000000000002 /* PhotoWindowTests */ = {
			isa = PBXNativeTarget;
			buildConfigurationList = L00000000000000000000003 /* Build configuration list for PBXNativeTarget "PhotoWindowTests" */;
			buildPhases = (
				S00000000000000000000002 /* Sources */,
				F00000000000000000000002 /* Frameworks */,
				R00000000000000000000002 /* Resources */,
			);
			buildRules = (
			);
			dependencies = (
				D00000000000000000000001 /* PBXTargetDependency */,
			);
			name = PhotoWindowTests;
			productName = PhotoWindowTests;
			productReference = PD0000000000000000000002 /* PhotoWindowTests.xctest */;
			productType = "com.apple.product-type.bundle.unit-test";
		};
/* End PBXNativeTarget section */

/* Begin PBXProject section */
		P00000000000000000000001 /* Project object */ = {
			isa = PBXProject;
			attributes = {
				BuildIndependentTargetsInParallel = 1;
				LastSwiftUpdateCheck = 1600;
				LastUpgradeCheck = 2630;
				TargetAttributes = {
					T00000000000000000000001 = {
						CreatedOnToolsVersion = 16.0;
					};
					T00000000000000000000002 = {
						CreatedOnToolsVersion = 16.0;
						TestTargetID = T00000000000000000000001;
					};
				};
			};
			buildConfigurationList = L00000000000000000000001 /* Build configuration list for PBXProject "PhotoWindow" */;
			compatibilityVersion = "Xcode 14.0";
			developmentRegion = en;
			hasScannedForEncodings = 0;
			knownRegions = (
				en,
				Base,
			);
			mainGroup = G00000000000000000000001;
			productRefGroup = G00000000000000000000002 /* Products */;
			projectDirPath = "";
			projectRoot = "";
			targets = (
				T00000000000000000000001 /* PhotoWindow */,
				T00000000000000000000002 /* PhotoWindowTests */,
			);
		};
/* End PBXProject section */

/* Begin PBXResourcesBuildPhase section */
		R00000000000000000000001 /* Resources */ = {
			isa = PBXResourcesBuildPhase;
			buildActionMask = 2147483647;
			files = (
				A00000000000000000000032 /* Assets.xcassets in Resources */,
				A00000000000000000000059 /* special_events_seed.json in Resources */,
				A00000000000000000000067 /* scoring_rules.json in Resources */,
			);
			runOnlyForDeploymentPostprocessing = 0;
		};
		R00000000000000000000002 /* Resources */ = {
			isa = PBXResourcesBuildPhase;
			buildActionMask = 2147483647;
			files = (
			);
			runOnlyForDeploymentPostprocessing = 0;
		};
/* End PBXResourcesBuildPhase section */

/* Begin PBXSourcesBuildPhase section */
		S00000000000000000000001 /* Sources */ = {
			isa = PBXSourcesBuildPhase;
			buildActionMask = 2147483647;
			files = (
				A00000000000000000000001 /* PhotoWindowApp.swift in Sources */,
				A00000000000000000000002 /* UserProfile.swift in Sources */,
				A00000000000000000000003 /* PhotographyCategory.swift in Sources */,
				A00000000000000000000004 /* ShootingLocation.swift in Sources */,
				A00000000000000000000005 /* ShootingEvent.swift in Sources */,
				A00000000000000000000006 /* ShootingWindow.swift in Sources */,
				A00000000000000000000007 /* WeatherSnapshot.swift in Sources */,
				A00000000000000000000033 /* AstronomySnapshot.swift in Sources */,
				A00000000000000000000035 /* UserPreference.swift in Sources */,
				A00000000000000000000041 /* Feedback.swift in Sources */,
				A00000000000000000000042 /* AnalyticsEvent.swift in Sources */,
				A00000000000000000000051 /* SpecialEvent.swift in Sources */,
				A00000000000000000000064 /* RecommendationResult.swift in Sources */,
				A00000000000000000000008 /* AlertRule.swift in Sources */,
				A00000000000000000000009 /* NotificationItem.swift in Sources */,
				A00000000000000000000010 /* Repositories.swift in Sources */,
				A00000000000000000000011 /* MockRepositories.swift in Sources */,
				A00000000000000000000052 /* SpecialEventRepositories.swift in Sources */,
				A00000000000000000000012 /* ShootingWindowScoringService.swift in Sources */,
				A00000000000000000000034 /* ShootingWindowGenerationService.swift in Sources */,
				A00000000000000000000036 /* AlertMatchingService.swift in Sources */,
				A00000000000000000000053 /* SpecialEventDeduplicationService.swift in Sources */,
				A00000000000000000000054 /* SpecialEventIngestionService.swift in Sources */,
				A00000000000000000000060 /* SpecialEventDataService.swift in Sources */,
				A00000000000000000000061 /* NetworkClient.swift in Sources */,
				A00000000000000000000065 /* ScoringRuleConfigService.swift in Sources */,
				A00000000000000000000066 /* NotificationQualityService.swift in Sources */,
				A00000000000000000000043 /* AnalyticsService.swift in Sources */,
				A00000000000000000000046 /* LocationSearchService.swift in Sources */,
				A00000000000000000000013 /* MockDataService.swift in Sources */,
				A00000000000000000000014 /* NotificationService.swift in Sources */,
				A00000000000000000000015 /* AppDependencyContainer.swift in Sources */,
				A00000000000000000000016 /* HomeViewModel.swift in Sources */,
				A00000000000000000000017 /* CategoryViewModel.swift in Sources */,
				A00000000000000000000018 /* ShootingWindowDetailViewModel.swift in Sources */,
				A00000000000000000000019 /* AlertSettingsViewModel.swift in Sources */,
				A00000000000000000000020 /* LocationViewModel.swift in Sources */,
				A00000000000000000000037 /* OnboardingPreferenceViewModel.swift in Sources */,
				A00000000000000000000038 /* UpcomingNotificationsViewModel.swift in Sources */,
				A00000000000000000000044 /* DebugNotificationViewModel.swift in Sources */,
				A00000000000000000000047 /* AddLocationViewModel.swift in Sources */,
				A00000000000000000000048 /* LocationDetailViewModel.swift in Sources */,
				A00000000000000000000055 /* SpecialEventsViewModel.swift in Sources */,
				A00000000000000000000056 /* SpecialEventDetailViewModel.swift in Sources */,
				A00000000000000000000062 /* DataDebugViewModel.swift in Sources */,
				A00000000000000000000021 /* PhotoTheme.swift in Sources */,
				A00000000000000000000022 /* ScoreBadge.swift in Sources */,
				A00000000000000000000023 /* CategoryPill.swift in Sources */,
				A00000000000000000000024 /* ShootingWindowCard.swift in Sources */,
				A00000000000000000000025 /* WeatherMetricView.swift in Sources */,
				A00000000000000000000026 /* RootTabView.swift in Sources */,
				A00000000000000000000027 /* HomeView.swift in Sources */,
				A00000000000000000000028 /* CategoryView.swift in Sources */,
				A00000000000000000000029 /* ShootingWindowDetailView.swift in Sources */,
				A00000000000000000000030 /* AlertSettingsView.swift in Sources */,
				A00000000000000000000031 /* ExploreLocationsView.swift in Sources */,
				A00000000000000000000039 /* OnboardingPreferenceView.swift in Sources */,
				A00000000000000000000040 /* UpcomingNotificationsView.swift in Sources */,
				A00000000000000000000045 /* DebugNotificationView.swift in Sources */,
				A00000000000000000000049 /* AddLocationView.swift in Sources */,
				A00000000000000000000050 /* LocationDetailView.swift in Sources */,
				A00000000000000000000057 /* SpecialEventsView.swift in Sources */,
				A00000000000000000000058 /* SpecialEventDetailView.swift in Sources */,
				A00000000000000000000063 /* DataDebugView.swift in Sources */,
			);
			runOnlyForDeploymentPostprocessing = 0;
		};
		S00000000000000000000002 /* Sources */ = {
			isa = PBXSourcesBuildPhase;
			buildActionMask = 2147483647;
			files = (
				A00000000000000000000101 /* ShootingWindowScoringServiceTests.swift in Sources */,
				A00000000000000000000102 /* MockRepositoryTests.swift in Sources */,
			);
			runOnlyForDeploymentPostprocessing = 0;
		};
/* End PBXSourcesBuildPhase section */

/* Begin PBXTargetDependency section */
		D00000000000000000000001 /* PBXTargetDependency */ = {
			isa = PBXTargetDependency;
			target = T00000000000000000000001 /* PhotoWindow */;
			targetProxy = X00000000000000000000001 /* PBXContainerItemProxy */;
		};
/* End PBXTargetDependency section */

/* Begin XCBuildConfiguration section */
		C00000000000000000000001 /* Debug */ = {
			isa = XCBuildConfiguration;
			buildSettings = {
				ALWAYS_SEARCH_USER_PATHS = NO;
				ASSETCATALOG_COMPILER_GENERATE_SWIFT_ASSET_SYMBOL_EXTENSIONS = YES;
				CLANG_ANALYZER_NONNULL = YES;
				CLANG_ANALYZER_NUMBER_OBJECT_CONVERSION = YES_AGGRESSIVE;
				CLANG_CXX_LANGUAGE_STANDARD = "gnu++20";
				CLANG_ENABLE_MODULES = YES;
				CLANG_ENABLE_OBJC_ARC = YES;
				CLANG_ENABLE_OBJC_WEAK = YES;
				CLANG_WARN_BLOCK_CAPTURE_AUTORELEASING = YES;
				CLANG_WARN_BOOL_CONVERSION = YES;
				CLANG_WARN_COMMA = YES;
				CLANG_WARN_CONSTANT_CONVERSION = YES;
				CLANG_WARN_DEPRECATED_OBJC_IMPLEMENTATIONS = YES;
				CLANG_WARN_DIRECT_OBJC_ISA_USAGE = YES_ERROR;
				CLANG_WARN_DOCUMENTATION_COMMENTS = YES;
				CLANG_WARN_EMPTY_BODY = YES;
				CLANG_WARN_ENUM_CONVERSION = YES;
				CLANG_WARN_INFINITE_RECURSION = YES;
				CLANG_WARN_INT_CONVERSION = YES;
				CLANG_WARN_NON_LITERAL_NULL_CONVERSION = YES;
				CLANG_WARN_OBJC_IMPLICIT_RETAIN_SELF = YES;
				CLANG_WARN_OBJC_LITERAL_CONVERSION = YES;
				CLANG_WARN_OBJC_ROOT_CLASS = YES_ERROR;
				CLANG_WARN_QUOTED_INCLUDE_IN_FRAMEWORK_HEADER = YES;
				CLANG_WARN_RANGE_LOOP_ANALYSIS = YES;
				CLANG_WARN_STRICT_PROTOTYPES = YES;
				CLANG_WARN_SUSPICIOUS_MOVE = YES;
				CLANG_WARN_UNGUARDED_AVAILABILITY = YES_AGGRESSIVE;
				CLANG_WARN_UNREACHABLE_CODE = YES;
				CLANG_WARN__DUPLICATE_METHOD_MATCH = YES;
				COPY_PHASE_STRIP = NO;
				DEBUG_INFORMATION_FORMAT = dwarf;
				DEVELOPMENT_TEAM = H2L5HNRFZ9;
				ENABLE_STRICT_OBJC_MSGSEND = YES;
				ENABLE_TESTABILITY = YES;
				ENABLE_USER_SCRIPT_SANDBOXING = YES;
				GCC_C_LANGUAGE_STANDARD = gnu17;
				GCC_DYNAMIC_NO_PIC = NO;
				GCC_NO_COMMON_BLOCKS = YES;
				GCC_OPTIMIZATION_LEVEL = 0;
				GCC_PREPROCESSOR_DEFINITIONS = (
					"DEBUG=1",
					"$(inherited)",
				);
				GCC_WARN_64_TO_32_BIT_CONVERSION = YES;
				GCC_WARN_ABOUT_RETURN_TYPE = YES_ERROR;
				GCC_WARN_UNDECLARED_SELECTOR = YES;
				GCC_WARN_UNINITIALIZED_AUTOS = YES_AGGRESSIVE;
				GCC_WARN_UNUSED_FUNCTION = YES;
				GCC_WARN_UNUSED_VARIABLE = YES;
				IPHONEOS_DEPLOYMENT_TARGET = 17.0;
				MTL_ENABLE_DEBUG_INFO = INCLUDE_SOURCE;
				MTL_FAST_MATH = YES;
				ONLY_ACTIVE_ARCH = YES;
				SDKROOT = iphoneos;
				STRING_CATALOG_GENERATE_SYMBOLS = YES;
				SWIFT_ACTIVE_COMPILATION_CONDITIONS = DEBUG;
			};
			name = Debug;
		};
		C00000000000000000000002 /* Release */ = {
			isa = XCBuildConfiguration;
			buildSettings = {
				ALWAYS_SEARCH_USER_PATHS = NO;
				ASSETCATALOG_COMPILER_GENERATE_SWIFT_ASSET_SYMBOL_EXTENSIONS = YES;
				CLANG_ANALYZER_NONNULL = YES;
				CLANG_ANALYZER_NUMBER_OBJECT_CONVERSION = YES_AGGRESSIVE;
				CLANG_CXX_LANGUAGE_STANDARD = "gnu++20";
				CLANG_ENABLE_MODULES = YES;
				CLANG_ENABLE_OBJC_ARC = YES;
				CLANG_ENABLE_OBJC_WEAK = YES;
				CLANG_WARN_BLOCK_CAPTURE_AUTORELEASING = YES;
				CLANG_WARN_BOOL_CONVERSION = YES;
				CLANG_WARN_COMMA = YES;
				CLANG_WARN_CONSTANT_CONVERSION = YES;
				CLANG_WARN_DEPRECATED_OBJC_IMPLEMENTATIONS = YES;
				CLANG_WARN_DIRECT_OBJC_ISA_USAGE = YES_ERROR;
				CLANG_WARN_DOCUMENTATION_COMMENTS = YES;
				CLANG_WARN_EMPTY_BODY = YES;
				CLANG_WARN_ENUM_CONVERSION = YES;
				CLANG_WARN_INFINITE_RECURSION = YES;
				CLANG_WARN_INT_CONVERSION = YES;
				CLANG_WARN_NON_LITERAL_NULL_CONVERSION = YES;
				CLANG_WARN_OBJC_IMPLICIT_RETAIN_SELF = YES;
				CLANG_WARN_OBJC_LITERAL_CONVERSION = YES;
				CLANG_WARN_OBJC_ROOT_CLASS = YES_ERROR;
				CLANG_WARN_QUOTED_INCLUDE_IN_FRAMEWORK_HEADER = YES;
				CLANG_WARN_RANGE_LOOP_ANALYSIS = YES;
				CLANG_WARN_STRICT_PROTOTYPES = YES;
				CLANG_WARN_SUSPICIOUS_MOVE = YES;
				CLANG_WARN_UNGUARDED_AVAILABILITY = YES_AGGRESSIVE;
				CLANG_WARN_UNREACHABLE_CODE = YES;
				CLANG_WARN__DUPLICATE_METHOD_MATCH = YES;
				COPY_PHASE_STRIP = NO;
				DEBUG_INFORMATION_FORMAT = "dwarf-with-dsym";
				DEVELOPMENT_TEAM = H2L5HNRFZ9;
				ENABLE_NS_ASSERTIONS = NO;
				ENABLE_STRICT_OBJC_MSGSEND = YES;
				ENABLE_USER_SCRIPT_SANDBOXING = YES;
				GCC_C_LANGUAGE_STANDARD = gnu17;
				GCC_NO_COMMON_BLOCKS = YES;
				GCC_WARN_64_TO_32_BIT_CONVERSION = YES;
				GCC_WARN_ABOUT_RETURN_TYPE = YES_ERROR;
				GCC_WARN_UNDECLARED_SELECTOR = YES;
				GCC_WARN_UNINITIALIZED_AUTOS = YES_AGGRESSIVE;
				GCC_WARN_UNUSED_FUNCTION = YES;
				GCC_WARN_UNUSED_VARIABLE = YES;
				IPHONEOS_DEPLOYMENT_TARGET = 17.0;
				MTL_ENABLE_DEBUG_INFO = NO;
				MTL_FAST_MATH = YES;
				SDKROOT = iphoneos;
				STRING_CATALOG_GENERATE_SYMBOLS = YES;
				SWIFT_COMPILATION_MODE = wholemodule;
				VALIDATE_PRODUCT = YES;
			};
			name = Release;
		};
		C00000000000000000000003 /* Debug */ = {
			isa = XCBuildConfiguration;
			buildSettings = {
				ASSETCATALOG_COMPILER_GLOBAL_ACCENT_COLOR_NAME = AccentColor;
				CODE_SIGN_STYLE = Automatic;
				CURRENT_PROJECT_VERSION = 1;
				DEVELOPMENT_ASSET_PATHS = "";
				ENABLE_PREVIEWS = YES;
				GENERATE_INFOPLIST_FILE = NO;
				INFOPLIST_FILE = "PhotoWindow/Info-Debug.plist";
				IPHONEOS_DEPLOYMENT_TARGET = 17.0;
				LD_RUNPATH_SEARCH_PATHS = (
					"$(inherited)",
					"@executable_path/Frameworks",
				);
				MARKETING_VERSION = 1.0;
				PRODUCT_BUNDLE_IDENTIFIER = com.photowindow.app;
				PRODUCT_NAME = "$(TARGET_NAME)";
				SUPPORTED_PLATFORMS = "iphoneos iphonesimulator";
				SUPPORTS_MACCATALYST = NO;
				SWIFT_EMIT_LOC_STRINGS = YES;
				SWIFT_VERSION = 5.0;
				TARGETED_DEVICE_FAMILY = "1,2";
			};
			name = Debug;
		};
		C00000000000000000000004 /* Release */ = {
			isa = XCBuildConfiguration;
			buildSettings = {
				ASSETCATALOG_COMPILER_GLOBAL_ACCENT_COLOR_NAME = AccentColor;
				CODE_SIGN_STYLE = Automatic;
				CURRENT_PROJECT_VERSION = 1;
				DEVELOPMENT_ASSET_PATHS = "";
				ENABLE_PREVIEWS = YES;
				GENERATE_INFOPLIST_FILE = NO;
				INFOPLIST_FILE = "PhotoWindow/Info-Release.plist";
				IPHONEOS_DEPLOYMENT_TARGET = 17.0;
				LD_RUNPATH_SEARCH_PATHS = (
					"$(inherited)",
					"@executable_path/Frameworks",
				);
				MARKETING_VERSION = 1.0;
				PRODUCT_BUNDLE_IDENTIFIER = com.photowindow.app;
				PRODUCT_NAME = "$(TARGET_NAME)";
				SUPPORTED_PLATFORMS = "iphoneos iphonesimulator";
				SUPPORTS_MACCATALYST = NO;
				SWIFT_EMIT_LOC_STRINGS = YES;
				SWIFT_VERSION = 5.0;
				TARGETED_DEVICE_FAMILY = "1,2";
			};
			name = Release;
		};
		C00000000000000000000005 /* Debug */ = {
			isa = XCBuildConfiguration;
			buildSettings = {
				BUNDLE_LOADER = "$(TEST_HOST)";
				CODE_SIGN_STYLE = Automatic;
				CURRENT_PROJECT_VERSION = 1;
				GENERATE_INFOPLIST_FILE = YES;
				IPHONEOS_DEPLOYMENT_TARGET = 26.0;
				LD_RUNPATH_SEARCH_PATHS = (
					"$(inherited)",
					"@executable_path/Frameworks",
					"@loader_path/Frameworks",
				);
				MARKETING_VERSION = 1.0;
				PRODUCT_BUNDLE_IDENTIFIER = com.photowindow.app.tests;
				PRODUCT_NAME = "$(TARGET_NAME)";
				SUPPORTED_PLATFORMS = "iphoneos iphonesimulator";
				SWIFT_EMIT_LOC_STRINGS = NO;
				SWIFT_VERSION = 5.0;
				TARGETED_DEVICE_FAMILY = "1,2";
				TEST_HOST = "$(BUILT_PRODUCTS_DIR)/PhotoWindow.app/$(BUNDLE_EXECUTABLE_FOLDER_PATH)/PhotoWindow";
			};
			name = Debug;
		};
		C00000000000000000000006 /* Release */ = {
			isa = XCBuildConfiguration;
			buildSettings = {
				BUNDLE_LOADER = "$(TEST_HOST)";
				CODE_SIGN_STYLE = Automatic;
				CURRENT_PROJECT_VERSION = 1;
				GENERATE_INFOPLIST_FILE = YES;
				IPHONEOS_DEPLOYMENT_TARGET = 26.0;
				LD_RUNPATH_SEARCH_PATHS = (
					"$(inherited)",
					"@executable_path/Frameworks",
					"@loader_path/Frameworks",
				);
				MARKETING_VERSION = 1.0;
				PRODUCT_BUNDLE_IDENTIFIER = com.photowindow.app.tests;
				PRODUCT_NAME = "$(TARGET_NAME)";
				SUPPORTED_PLATFORMS = "iphoneos iphonesimulator";
				SWIFT_EMIT_LOC_STRINGS = NO;
				SWIFT_VERSION = 5.0;
				TARGETED_DEVICE_FAMILY = "1,2";
				TEST_HOST = "$(BUILT_PRODUCTS_DIR)/PhotoWindow.app/$(BUNDLE_EXECUTABLE_FOLDER_PATH)/PhotoWindow";
			};
			name = Release;
		};
/* End XCBuildConfiguration section */

/* Begin XCConfigurationList section */
		L00000000000000000000001 /* Build configuration list for PBXProject "PhotoWindow" */ = {
			isa = XCConfigurationList;
			buildConfigurations = (
				C00000000000000000000001 /* Debug */,
				C00000000000000000000002 /* Release */,
			);
			defaultConfigurationIsVisible = 0;
			defaultConfigurationName = Release;
		};
		L00000000000000000000002 /* Build configuration list for PBXNativeTarget "PhotoWindow" */ = {
			isa = XCConfigurationList;
			buildConfigurations = (
				C00000000000000000000003 /* Debug */,
				C00000000000000000000004 /* Release */,
			);
			defaultConfigurationIsVisible = 0;
			defaultConfigurationName = Release;
		};
		L00000000000000000000003 /* Build configuration list for PBXNativeTarget "PhotoWindowTests" */ = {
			isa = XCConfigurationList;
			buildConfigurations = (
				C00000000000000000000005 /* Debug */,
				C00000000000000000000006 /* Release */,
			);
			defaultConfigurationIsVisible = 0;
			defaultConfigurationName = Release;
		};
/* End XCConfigurationList section */
	};
	rootObject = P00000000000000000000001 /* Project object */;
}
